
Microsoft Visual Studio Solution File, Format Version 12.00
# Visual Studio Version 16
VisualStudioVersion = 16.0.30611.23
MinimumVisualStudioVersion = 10.0.40219.1
Project("{FAE04EC0-301F-11D3-BF4B-00C04F79EFBC}") = "ADETQ3", "ADETQ3\ADETQ3.csproj", "{3C6A2EA3-A772-49DA-847E-966EC751E189}"
EndProject
Global
	GlobalSection(SolutionConfigurationPlatforms) = preSolution
		Debug|Any CPU = Debug|Any CPU
		Release|Any CPU = Release|Any CPU
	EndGlobalSection
	GlobalSection(ProjectConfigurationPlatforms) = postSolution
		{3C6A2EA3-A772-49DA-847E-966EC751E189}.Debug|Any CPU.ActiveCfg = Debug|Any CPU
		{3C6A2EA3-A772-49DA-847E-966EC751E189}.Debug|Any CPU.Build.0 = Debug|Any CPU
		{3C6A2EA3-A772-49DA-847E-966EC751E189}.Release|Any CPU.ActiveCfg = Release|Any CPU
		{3C6A2EA3-A772-49DA-847E-966EC751E189}.Release|Any CPU.Build.0 = Release|Any CPU
	EndGlobalSection
	GlobalSection(SolutionProperties) = preSolution
		HideSolutionNode = FALSE
	EndGlobalSection
	GlobalSection(ExtensibilityGlobals) = postSolution
		SolutionGuid = {8977B470-F473-46C1-A17C-16884ED01994}
	EndGlobalSection
EndGlobal
